[root]
name = "mod1-rs"
version = "0.1.0"
dependencies = [
 "colorify 0.2.2 (registry+https://github.com/rust-lang/crates.io-index)",
 "nom 1.2.4 (registry+https://github.com/rust-lang/crates.io-index)",
]

[[package]]
name = "colorify"
version = "0.2.2"
source = "registry+https://github.com/rust-lang/crates.io-index"

[[package]]
name = "nom"
version = "1.2.4"
source = "registry+https://github.com/rust-lang/crates.io-index"

[metadata]
"checksum colorify 0.2.2 (registry+https://github.com/rust-lang/crates.io-index)" = "3eb006d3382cc3ca88eecfb3e2f22a8bd5d246507a514d5916c17cd40ad01c59"
"checksum nom 1.2.4 (registry+https://github.com/rust-lang/crates.io-index)" = "a5b8c256fd9471521bcb84c3cdba98921497f1a331cbc15b8030fc63b82050ce"
